[root]
name = "cargo-dot"
version = "0.1.0"
dependencies = [
 "cargo 0.0.1-pre (git+https://github.com/rust-lang/cargo#9788700351f5c236c4e403f28a9156e6ee0b2483)",
 "docopt 0.6.4 (git+https://github.com/docopt/docopt.rs#7515c10dcc94a7263d5e062c434b1465167673dd)",
 "docopt_macros 0.6.4 (git+https://github.com/docopt/docopt.rs#7515c10dcc94a7263d5e062c434b1465167673dd)",
]

[[package]]
name = "cargo"
version = "0.0.1-pre"
source = "git+https://github.com/rust-lang/cargo#9788700351f5c236c4e403f28a9156e6ee0b2483"
dependencies = [
 "curl 0.0.1 (git+https://github.com/alexcrichton/curl-rust?ref=bundle#1d43e08f629dc22ffbc99d7ea8e97dfc7ab0b91a)",
 "docopt 0.6.4 (git+https://github.com/docopt/docopt.rs#7515c10dcc94a7263d5e062c434b1465167673dd)",
 "docopt_macros 0.6.4 (git+https://github.com/docopt/docopt.rs#7515c10dcc94a7263d5e062c434b1465167673dd)",
 "flate2 0.0.1 (git+https://github.com/alexcrichton/flate2-rs#68971ae77a523c7ec3f19b4bcd195f76291ea390)",
 "git2 0.0.1 (git+https://github.com/alexcrichton/git2-rs#78d316ed69db27e72bf48a748eeb7fbd60e5f155)",
 "glob 0.0.1 (git+https://github.com/rust-lang/glob#469a6bc1a0fc289ab220170e691cffbc01dcf1e6)",
 "semver 0.1.0 (git+https://github.com/rust-lang/semver#5dee918159d4e3d84c1ee54cf6a5305e6f7bd557)",
 "tar 0.0.1 (git+https://github.com/alexcrichton/tar-rs#943d7c0173c7fa5e8c58978add0180569c68d7f7)",
 "toml 0.1.0 (git+https://github.com/alexcrichton/toml-rs#8a3ba4c65cfa22a3d924293a1fb3a70bfac5e66c)",
 "url 0.1.0 (git+https://github.com/servo/rust-url#55b18b796ef2cef5490069dd450c60c2cc2c0c1b)",
]

[[package]]
name = "curl"
version = "0.0.1"
source = "git+https://github.com/alexcrichton/curl-rust?ref=bundle#1d43e08f629dc22ffbc99d7ea8e97dfc7ab0b91a"
dependencies = [
 "curl-sys 0.0.1 (git+https://github.com/alexcrichton/curl-rust?ref=bundle#1d43e08f629dc22ffbc99d7ea8e97dfc7ab0b91a)",
 "link-config 0.0.1 (git+https://github.com/alexcrichton/link-config#0afbf50ba545ac379292b6040330f2903ca891d2)",
 "url 0.1.0 (git+https://github.com/servo/rust-url#55b18b796ef2cef5490069dd450c60c2cc2c0c1b)",
]

[[package]]
name = "curl-sys"
version = "0.0.1"
source = "git+https://github.com/alexcrichton/curl-rust?ref=bundle#1d43e08f629dc22ffbc99d7ea8e97dfc7ab0b91a"

[[package]]
name = "docopt"
version = "0.6.4"
source = "git+https://github.com/docopt/docopt.rs#7515c10dcc94a7263d5e062c434b1465167673dd"

[[package]]
name = "docopt_macros"
version = "0.6.4"
source = "git+https://github.com/docopt/docopt.rs#7515c10dcc94a7263d5e062c434b1465167673dd"
dependencies = [
 "docopt 0.6.4 (git+https://github.com/docopt/docopt.rs#7515c10dcc94a7263d5e062c434b1465167673dd)",
]

[[package]]
name = "encoding"
version = "0.1.0"
source = "git+https://github.com/lifthrasiir/rust-encoding#16aff34b35e68b0f3a23e4d9dcff4f23cea2a414"

[[package]]
name = "flate2"
version = "0.0.1"
source = "git+https://github.com/alexcrichton/flate2-rs#68971ae77a523c7ec3f19b4bcd195f76291ea390"

[[package]]
name = "git2"
version = "0.0.1"
source = "git+https://github.com/alexcrichton/git2-rs#78d316ed69db27e72bf48a748eeb7fbd60e5f155"
dependencies = [
 "libgit2 0.0.1 (git+https://github.com/alexcrichton/git2-rs#78d316ed69db27e72bf48a748eeb7fbd60e5f155)",
 "url 0.1.0 (git+https://github.com/servo/rust-url#55b18b796ef2cef5490069dd450c60c2cc2c0c1b)",
]

[[package]]
name = "glob"
version = "0.0.1"
source = "git+https://github.com/rust-lang/glob#469a6bc1a0fc289ab220170e691cffbc01dcf1e6"

[[package]]
name = "libgit2"
version = "0.0.1"
source = "git+https://github.com/alexcrichton/git2-rs#78d316ed69db27e72bf48a748eeb7fbd60e5f155"
dependencies = [
 "libssh2-static-sys 0.0.1 (git+https://github.com/alexcrichton/libssh2-static-sys#80e71a3021618eb05656c58fb7c5ef5f12bc747f)",
 "link-config 0.0.1 (git+https://github.com/alexcrichton/link-config#0afbf50ba545ac379292b6040330f2903ca891d2)",
 "openssl-static-sys 0.0.1 (git+https://github.com/alexcrichton/openssl-static-sys#b01801397328924055fb1c7c87fd5bf18907e511)",
]

[[package]]
name = "libssh2-static-sys"
version = "0.0.1"
source = "git+https://github.com/alexcrichton/libssh2-static-sys#80e71a3021618eb05656c58fb7c5ef5f12bc747f"

[[package]]
name = "link-config"
version = "0.0.1"
source = "git+https://github.com/alexcrichton/link-config#0afbf50ba545ac379292b6040330f2903ca891d2"

[[package]]
name = "openssl-static-sys"
version = "0.0.1"
source = "git+https://github.com/alexcrichton/openssl-static-sys#b01801397328924055fb1c7c87fd5bf18907e511"

[[package]]
name = "semver"
version = "0.1.0"
source = "git+https://github.com/rust-lang/semver#5dee918159d4e3d84c1ee54cf6a5305e6f7bd557"

[[package]]
name = "tar"
version = "0.0.1"
source = "git+https://github.com/alexcrichton/tar-rs#943d7c0173c7fa5e8c58978add0180569c68d7f7"

[[package]]
name = "toml"
version = "0.1.0"
source = "git+https://github.com/alexcrichton/toml-rs#8a3ba4c65cfa22a3d924293a1fb3a70bfac5e66c"

[[package]]
name = "url"
version = "0.1.0"
source = "git+https://github.com/servo/rust-url#55b18b796ef2cef5490069dd450c60c2cc2c0c1b"
dependencies = [
 "encoding 0.1.0 (git+https://github.com/lifthrasiir/rust-encoding#16aff34b35e68b0f3a23e4d9dcff4f23cea2a414)",
]

